// !$*UTF8*$!
{
	archiveVersion = 1;
	classes = {
	};
	objectVersion = 55;
	objects = {

/* Begin PBXBuildFile section */
		244B667528F21E5100BFFC57 /* AppDelegate.swift in Sources */ = {isa = PBXBuildFile; fileRef = 244B667428F21E5100BFFC57 /* AppDelegate.swift */; };
		244B667728F21E5100BFFC57 /* SceneDelegate.swift in Sources */ = {isa = PBXBuildFile; fileRef = 244B667628F21E5100BFFC57 /* SceneDelegate.swift */; };
		244B667C28F21E5100BFFC57 /* Main.storyboard in Resources */ = {isa = PBXBuildFile; fileRef = 244B667A28F21E5100BFFC57 /* Main.storyboard */; };
		244B667E28F21E5700BFFC57 /* Assets.xcassets in Resources */ = {isa = PBXBuildFile; fileRef = 244B667D28F21E5700BFFC57 /* Assets.xcassets */; };
		244B668128F21E5700BFFC57 /* LaunchScreen.storyboard in Resources */ = {isa = PBXBuildFile; fileRef = 244B667F28F21E5700BFFC57 /* LaunchScreen.storyboard */; };
		244B668C28F21E5700BFFC57 /* InstaCloneTests.swift in Sources */ = {isa = PBXBuildFile; fileRef = 244B668B28F21E5700BFFC57 /* InstaCloneTests.swift */; };
		244B669628F21E5700BFFC57 /* InstaCloneUITests.swift in Sources */ = {isa = PBXBuildFile; fileRef = 244B669528F21E5700BFFC57 /* InstaCloneUITests.swift */; };
		244B669828F21E5700BFFC57 /* InstaCloneUITestsLaunchTests.swift in Sources */ = {isa = PBXBuildFile; fileRef = 244B669728F21E5700BFFC57 /* InstaCloneUITestsLaunchTests.swift */; };
		244B66A728F2223300BFFC57 /* FeedViewController.swift in Sources */ = {isa = PBXBuildFile; fileRef = 244B66A628F2223300BFFC57 /* FeedViewController.swift */; };
		244B66A928F2225000BFFC57 /* LoginViewController.swift in Sources */ = {isa = PBXBuildFile; fileRef = 244B66A828F2225000BFFC57 /* LoginViewController.swift */; };
		244B66AB28F22A4000BFFC57 /* CameraViewController.swift in Sources */ = {isa = PBXBuildFile; fileRef = 244B66AA28F22A3F00BFFC57 /* CameraViewController.swift */; };
		244B66AD28F2332B00BFFC57 /* PostCell.swift in Sources */ = {isa = PBXBuildFile; fileRef = 244B66AC28F2332B00BFFC57 /* PostCell.swift */; };
		399FA03F539569605A3EA1D0 /* Pods_InstaClone.framework in Frameworks */ = {isa = PBXBuildFile; fileRef = 85A679C4D536161317030BB5 /* Pods_InstaClone.framework */; };
		D3DD7E4EA8F699EDD05867C3 /* Pods_InstaClone_InstaCloneUITests.framework in Frameworks */ = {isa = PBXBuildFile; fileRef = CBF3406642167B1EF9B90CD4 /* Pods_InstaClone_InstaCloneUITests.framework */; };
		E4DF0D41CBB0714756A84241 /* Pods_InstaCloneTests.framework in Frameworks */ = {isa = PBXBuildFile; fileRef = 0FD5724ABDE7E6FB9373A017 /* Pods_InstaCloneTests.framework */; };
/* End PBXBuildFile section */

/* Begin PBXContainerItemProxy section */
		244B668828F21E5700BFFC57 /* PBXContainerItemProxy */ = {
			isa = PBXContainerItemProxy;
			containerPortal = 244B666928F21E5100BFFC57 /* Project object */;
			proxyType = 1;
			remoteGlobalIDString = 244B667028F21E5100BFFC57;
			remoteInfo = InstaClone;
		};
		244B669228F21E5700BFFC57 /* PBXContainerItemProxy */ = {
			isa = PBXContainerItemProxy;
			containerPortal = 244B666928F21E5100BFFC57 /* Project object */;
			proxyType = 1;
			remoteGlobalIDString = 244B667028F21E5100BFFC57;
			remoteInfo = InstaClone;
		};
/* End PBXContainerItemProxy section */

/* Begin PBXFileReference section */
		0BAD7B19D6F5074FEA367052 /* Pods-InstaClone.release.xcconfig */ = {isa = PBXFileReference; includeInIndex = 1; lastKnownFileType = text.xcconfig; name = "Pods-InstaClone.release.xcconfig"; path = "Target Support Files/Pods-InstaClone/Pods-InstaClone.release.xcconfig"; sourceTree = "<group>"; };
		0FD5724ABDE7E6FB9373A017 /* Pods_InstaCloneTests.framework */ = {isa = PBXFileReference; explicitFileType = wrapper.framework; includeInIndex = 0; path = Pods_InstaCloneTests.framework; sourceTree = BUILT_PRODUCTS_DIR; };
		244B667128F21E5100BFFC57 /* InstaClone.app */ = {isa = PBXFileReference; explicitFileType = wrapper.application; includeInIndex = 0; path = InstaClone.app; sourceTree = BUILT_PRODUCTS_DIR; };
		244B667428F21E5100BFFC57 /* AppDelegate.swift */ = {isa = PBXFileReference; lastKnownFileType = sourcecode.swift; path = AppDelegate.swift; sourceTree = "<group>"; };
		244B667628F21E5100BFFC57 /* SceneDelegate.swift */ = {isa = PBXFileReference; lastKnownFileType = sourcecode.swift; path = SceneDelegate.swift; sourceTree = "<group>"; };
		244B667B28F21E5100BFFC57 /* Base */ = {isa = PBXFileReference; lastKnownFileType = file.storyboard; name = Base; path = Base.lproj/Main.storyboard; sourceTree = "<group>"; };
		244B667D28F21E5700BFFC57 /* Assets.xcassets */ = {isa = PBXFileReference; lastKnownFileType = folder.assetcatalog; path = Assets.xcassets; sourceTree = "<group>"; };
		244B668028F21E5700BFFC57 /* Base */ = {isa = PBXFileReference; lastKnownFileType = file.storyboard; name = Base; path = Base.lproj/LaunchScreen.storyboard; sourceTree = "<group>"; };
		244B668228F21E5700BFFC57 /* Info.plist */ = {isa = PBXFileReference; lastKnownFileType = text.plist.xml; path = Info.plist; sourceTree = "<group>"; };
		244B668728F21E5700BFFC57 /* InstaCloneTests.xctest */ = {isa = PBXFileReference; explicitFileType = wrapper.cfbundle; includeInIndex = 0; path = InstaCloneTests.xctest; sourceTree = BUILT_PRODUCTS_DIR; };
		244B668B28F21E5700BFFC57 /* InstaCloneTests.swift */ = {isa = PBXFileReference; lastKnownFileType = sourcecode.swift; path = InstaCloneTests.swift; sourceTree = "<group>"; };
		244B669128F21E5700BFFC57 /* InstaCloneUITests.xctest */ = {isa = PBXFileReference; explicitFileType = wrapper.cfbundle; includeInIndex = 0; path = InstaCloneUITests.xctest; sourceTree = BUILT_PRODUCTS_DIR; };
		244B669528F21E5700BFFC57 /* InstaCloneUITests.swift */ = {isa = PBXFileReference; lastKnownFileType = sourcecode.swift; path = InstaCloneUITests.swift; sourceTree = "<group>"; };
		244B669728F21E5700BFFC57 /* InstaCloneUITestsLaunchTests.swift */ = {isa = PBXFileReference; lastKnownFileType = sourcecode.swift; path = InstaCloneUITestsLaunchTests.swift; sourceTree = "<group>"; };
		244B66A628F2223300BFFC57 /* FeedViewController.swift */ = {isa = PBXFileReference; lastKnownFileType = sourcecode.swift; path = FeedViewController.swift; sourceTree = "<group>"; };
		244B66A828F2225000BFFC57 /* LoginViewController.swift */ = {isa = PBXFileReference; lastKnownFileType = sourcecode.swift; path = LoginViewController.swift; sourceTree = "<group>"; };
		244B66AA28F22A3F00BFFC57 /* CameraViewController.swift */ = {isa = PBXFileReference; lastKnownFileType = sourcecode.swift; path = CameraViewController.swift; sourceTree = "<group>"; };
		244B66AC28F2332B00BFFC57 /* PostCell.swift */ = {isa = PBXFileReference; lastKnownFileType = sourcecode.swift; path = PostCell.swift; sourceTree = "<group>"; };
		2E4C48898FAF1AFA545F520A /* Pods-InstaCloneTests.release.xcconfig */ = {isa = PBXFileReference; includeInIndex = 1; lastKnownFileType = text.xcconfig; name = "Pods-InstaCloneTests.release.xcconfig"; path = "Target Support Files/Pods-InstaCloneTests/Pods-InstaCloneTests.release.xcconfig"; sourceTree = "<group>"; };
		7EEC89623E7F0E796BA03CFC /* Pods-InstaCloneTests.debug.xcconfig */ = {isa = PBXFileReference; includeInIndex = 1; lastKnownFileType = text.xcconfig; name = "Pods-InstaCloneTests.debug.xcconfig"; path = "Target Support Files/Pods-InstaCloneTests/Pods-InstaCloneTests.debug.xcconfig"; sourceTree = "<group>"; };
		85A679C4D536161317030BB5 /* Pods_InstaClone.framework */ = {isa = PBXFileReference; explicitFileType = wrapper.framework; includeInIndex = 0; path = Pods_InstaClone.framework; sourceTree = BUILT_PRODUCTS_DIR; };
		A917A174F96176CD6D7C4440 /* Pods-InstaClone-InstaCloneUITests.release.xcconfig */ = {isa = PBXFileReference; includeInIndex = 1; lastKnownFileType = text.xcconfig; name = "Pods-InstaClone-InstaCloneUITests.release.xcconfig"; path = "Target Support Files/Pods-InstaClone-InstaCloneUITests/Pods-InstaClone-InstaCloneUITests.release.xcconfig"; sourceTree = "<group>"; };
		B2E303B2E06DF31FADDF95B2 /* Pods-InstaClone-InstaCloneUITests.debug.xcconfig */ = {isa = PBXFileReference; includeInIndex = 1; lastKnownFileType = text.xcconfig; name = "Pods-InstaClone-InstaCloneUITests.debug.xcconfig"; path = "Target Support Files/Pods-InstaClone-InstaCloneUITests/Pods-InstaClone-InstaCloneUITests.debug.xcconfig"; sourceTree = "<group>"; };
		C40CB9A4E745DCADE0345360 /* Pods-InstaClone.debug.xcconfig */ = {isa = PBXFileReference; includeInIndex = 1; lastKnownFileType = text.xcconfig; name = "Pods-InstaClone.debug.xcconfig"; path = "Target Support Files/Pods-InstaClone/Pods-InstaClone.debug.xcconfig"; sourceTree = "<group>"; };
		CBF3406642167B1EF9B90CD4 /* Pods_InstaClone_InstaCloneUITests.framework */ = {isa = PBXFileReference; explicitFileType = wrapper.framework; includeInIndex = 0; path = Pods_InstaClone_InstaCloneUITests.framework; sourceTree = BUILT_PRODUCTS_DIR; };
/* End PBXFileReference section */

/* Begin PBXFrameworksBuildPhase section */
		244B666E28F21E5100BFFC57 /* Frameworks */ = {
			isa = PBXFrameworksBuildPhase;
			buildActionMask = 2147483647;
			files = (
				399FA03F539569605A3EA1D0 /* Pods_InstaClone.framework in Frameworks */,
			);
			runOnlyForDeploymentPostprocessing = 0;
		};
		244B668428F21E5700BFFC57 /* Frameworks */ = {
			isa = PBXFrameworksBuildPhase;
			buildActionMask = 2147483647;
			files = (
				E4DF0D41CBB0714756A84241 /* Pods_InstaCloneTests.framework in Frameworks */,
			);
			runOnlyForDeploymentPostprocessing = 0;
		};
		244B668E28F21E5700BFFC57 /* Frameworks */ = {
			isa = PBXFrameworksBuildPhase;
			buildActionMask = 2147483647;
			files = (
				D3DD7E4EA8F699EDD05867C3 /* Pods_InstaClone_InstaCloneUITests.framework in Frameworks */,
			);
			runOnlyForDeploymentPostprocessing = 0;
		};
/* End PBXFrameworksBuildPhase section */

/* Begin PBXGroup section */
		244B666828F21E5100BFFC57 = {
			isa = PBXGroup;
			children = (
				244B667328F21E5100BFFC57 /* InstaClone */,
				244B668A28F21E5700BFFC57 /* InstaCloneTests */,
				244B669428F21E5700BFFC57 /* InstaCloneUITests */,
				244B667228F21E5100BFFC57 /* Products */,
				388FB0D4EBCCD1AD56B22B37 /* Pods */,
				88230C790E81AB1DC75AFFCE /* Frameworks */,
			);
			sourceTree = "<group>";
		};
		244B667228F21E5100BFFC57 /* Products */ = {
			isa = PBXGroup;
			children = (
				244B667128F21E5100BFFC57 /* InstaClone.app */,
				244B668728F21E5700BFFC57 /* InstaCloneTests.xctest */,
				244B669128F21E5700BFFC57 /* InstaCloneUITests.xctest */,
			);
			name = Products;
			sourceTree = "<group>";
		};
		244B667328F21E5100BFFC57 /* InstaClone */ = {
			isa = PBXGroup;
			children = (
				244B667428F21E5100BFFC57 /* AppDelegate.swift */,
				244B667628F21E5100BFFC57 /* SceneDelegate.swift */,
				244B667A28F21E5100BFFC57 /* Main.storyboard */,
				244B66AC28F2332B00BFFC57 /* PostCell.swift */,
				244B667D28F21E5700BFFC57 /* Assets.xcassets */,
				244B667F28F21E5700BFFC57 /* LaunchScreen.storyboard */,
				244B668228F21E5700BFFC57 /* Info.plist */,
				244B66A628F2223300BFFC57 /* FeedViewController.swift */,
				244B66A828F2225000BFFC57 /* LoginViewController.swift */,
				244B66AA28F22A3F00BFFC57 /* CameraViewController.swift */,
			);
			path = InstaClone;
			sourceTree = "<group>";
		};
		244B668A28F21E5700BFFC57 /* InstaCloneTests */ = {
			isa = PBXGroup;
			children = (
				244B668B28F21E5700BFFC57 /* InstaCloneTests.swift */,
			);
			path = InstaCloneTests;
			sourceTree = "<group>";
		};
		244B669428F21E5700BFFC57 /* InstaCloneUITests */ = {
			isa = PBXGroup;
			children = (
				244B669528F21E5700BFFC57 /* InstaCloneUITests.swift */,
				244B669728F21E5700BFFC57 /* InstaCloneUITestsLaunchTests.swift */,
			);
			path = InstaCloneUITests;
			sourceTree = "<group>";
		};
		388FB0D4EBCCD1AD56B22B37 /* Pods */ = {
			isa = PBXGroup;
			children = (
				C40CB9A4E745DCADE0345360 /* Pods-InstaClone.debug.xcconfig */,
				0BAD7B19D6F5074FEA367052 /* Pods-InstaClone.release.xcconfig */,
				B2E303B2E06DF31FADDF95B2 /* Pods-InstaClone-InstaCloneUITests.debug.xcconfig */,
				A917A174F96176CD6D7C4440 /* Pods-InstaClone-InstaCloneUITests.release.xcconfig */,
				7EEC89623E7F0E796BA03CFC /* Pods-InstaCloneTests.debug.xcconfig */,
				2E4C48898FAF1AFA545F520A /* Pods-InstaCloneTests.release.xcconfig */,
			);
			path = Pods;
			sourceTree = "<group>";
		};
		88230C790E81AB1DC75AFFCE /* Frameworks */ = {
			isa = PBXGroup;
			children = (
				85A679C4D536161317030BB5 /* Pods_InstaClone.framework */,
				CBF3406642167B1EF9B90CD4 /* Pods_InstaClone_InstaCloneUITests.framework */,
				0FD5724ABDE7E6FB9373A017 /* Pods_InstaCloneTests.framework */,
			);
			name = Frameworks;
			sourceTree = "<group>";
		};
/* End PBXGroup section */

/* Begin PBXNativeTarget section */
		244B667028F21E5100BFFC57 /* InstaClone */ = {
			isa = PBXNativeTarget;
			buildConfigurationList = 244B669B28F21E5700BFFC57 /* Build configuration list for PBXNativeTarget "InstaClone" */;
			buildPhases = (
				2140E136E6144418CE133A8A /* [CP] Check Pods Manifest.lock */,
				244B666D28F21E5100BFFC57 /* Sources */,
				244B666E28F21E5100BFFC57 /* Frameworks */,
				244B666F28F21E5100BFFC57 /* Resources */,
				872E890514A37A5DF799BE20 /* [CP] Embed Pods Frameworks */,
			);
			buildRules = (
			);
			dependencies = (
			);
			name = InstaClone;
			productName = InstaClone;
			productReference = 244B667128F21E5100BFFC57 /* InstaClone.app */;
			productType = "com.apple.product-type.application";
		};
		244B668628F21E5700BFFC57 /* InstaCloneTests */ = {
			isa = PBXNativeTarget;
			buildConfigurationList = 244B669E28F21E5700BFFC57 /* Build configuration list for PBXNativeTarget "InstaCloneTests" */;
			buildPhases = (
				9E0D5857FC5C3B1C8F5E0C8C /* [CP] Check Pods Manifest.lock */,
				244B668328F21E5700BFFC57 /* Sources */,
				244B668428F21E5700BFFC57 /* Frameworks */,
				244B668528F21E5700BFFC57 /* Resources */,
			);
			buildRules = (
			);
			dependencies = (
				244B668928F21E5700BFFC57 /* PBXTargetDependency */,
			);
			name = InstaCloneTests;
			productName = InstaCloneTests;
			productReference = 244B668728F21E5700BFFC57 /* InstaCloneTests.xctest */;
			productType = "com.apple.product-type.bundle.unit-test";
		};
		244B669028F21E5700BFFC57 /* InstaCloneUITests */ = {
			isa = PBXNativeTarget;
			buildConfigurationList = 244B66A128F21E5700BFFC57 /* Build configuration list for PBXNativeTarget "InstaCloneUITests" */;
			buildPhases = (
				A917673EE29D27D13050C999 /* [CP] Check Pods Manifest.lock */,
				244B668D28F21E5700BFFC57 /* Sources */,
				244B668E28F21E5700BFFC57 /* Frameworks */,
				244B668F28F21E5700BFFC57 /* Resources */,
				79C62A4143375E06FE827EB7 /* [CP] Embed Pods Frameworks */,
			);
			buildRules = (
			);
			dependencies = (
				244B669328F21E5700BFFC57 /* PBXTargetDependency */,
			);
			name = InstaCloneUITests;
			productName = InstaCloneUITests;
			productReference = 244B669128F21E5700BFFC57 /* InstaCloneUITests.xctest */;
			productType = "com.apple.product-type.bundle.ui-testing";
		};
/* End PBXNativeTarget section */

/* Begin PBXProject section */
		244B666928F21E5100BFFC57 /* Project object */ = {
			isa = PBXProject;
			attributes = {
				BuildIndependentTargetsInParallel = 1;
				LastSwiftUpdateCheck = 1340;
				LastUpgradeCheck = 1340;
				TargetAttributes = {
					244B667028F21E5100BFFC57 = {
						CreatedOnToolsVersion = 13.4.1;
					};
					244B668628F21E5700BFFC57 = {
						CreatedOnToolsVersion = 13.4.1;
						TestTargetID = 244B667028F21E5100BFFC57;
					};
					244B669028F21E5700BFFC57 = {
						CreatedOnToolsVersion = 13.4.1;
						TestTargetID = 244B667028F21E5100BFFC57;
					};
				};
			};
			buildConfigurationList = 244B666C28F21E5100BFFC57 /* Build configuration list for PBXProject "InstaClone" */;
			compatibilityVersion = "Xcode 13.0";
			developmentRegion = en;
			hasScannedForEncodings = 0;
			knownRegions = (
				en,
				Base,
			);
			mainGroup = 244B666828F21E5100BFFC57;
			productRefGroup = 244B667228F21E5100BFFC57 /* Products */;
			projectDirPath = "";
			projectRoot = "";
			targets = (
				244B667028F21E5100BFFC57 /* InstaClone */,
				244B668628F21E5700BFFC57 /* InstaCloneTests */,
				244B669028F21E5700BFFC57 /* InstaCloneUITests */,
			);
		};
/* End PBXProject section */

/* Begin PBXResourcesBuildPhase section */
		244B666F28F21E5100BFFC57 /* Resources */ = {
			isa = PBXResourcesBuildPhase;
			buildActionMask = 2147483647;
			files = (
				244B668128F21E5700BFFC57 /* LaunchScreen.storyboard in Resources */,
				244B667E28F21E5700BFFC57 /* Assets.xcassets in Resources */,
				244B667C28F21E5100BFFC57 /* Main.storyboard in Resources */,
			);
			runOnlyForDeploymentPostprocessing = 0;
		};
		244B668528F21E5700BFFC57 /* Resources */ = {
			isa = PBXResourcesBuildPhase;
			buildActionMask = 2147483647;
			files = (
			);
			runOnlyForDeploymentPostprocessing = 0;
		};
		244B668F28F21E5700BFFC57 /* Resources */ = {
			isa = PBXResourcesBuildPhase;
			buildActionMask = 2147483647;
			files = (
			);
			runOnlyForDeploymentPostprocessing = 0;
		};
/* End PBXResourcesBuildPhase section */

/* Begin PBXShellScriptBuildPhase section */
		2140E136E6144418CE133A8A /* [CP] Check Pods Manifest.lock */ = {
			isa = PBXShellScriptBuildPhase;
			buildActionMask = 2147483647;
			files = (
			);
			inputFileListPaths = (
			);
			inputPaths = (
				"${PODS_PODFILE_DIR_PATH}/Podfile.lock",
				"${PODS_ROOT}/Manifest.lock",
			);
			name = "[CP] Check Pods Manifest.lock";
			outputFileListPaths = (
			);
			outputPaths = (
				"$(DERIVED_FILE_DIR)/Pods-InstaClone-checkManifestLockResult.txt",
			);
			runOnlyForDeploymentPostprocessing = 0;
			shellPath = /bin/sh;
			shellScript = "diff \"${PODS_PODFILE_DIR_PATH}/Podfile.lock\" \"${PODS_ROOT}/Manifest.lock\" > /dev/null\nif [ $? != 0 ] ; then\n    # print error to STDERR\n    echo \"error: The sandbox is not in sync with the Podfile.lock. Run 'pod install' or update your CocoaPods installation.\" >&2\n    exit 1\nfi\n# This output is used by Xcode 'outputs' to avoid re-running this script phase.\necho \"SUCCESS\" > \"${SCRIPT_OUTPUT_FILE_0}\"\n";
			showEnvVarsInLog = 0;
		};
		79C62A4143375E06FE827EB7 /* [CP] Embed Pods Frameworks */ = {
			isa = PBXShellScriptBuildPhase;
			buildActionMask = 2147483647;
			files = (
			);
			inputFileListPaths = (
				"${PODS_ROOT}/Target Support Files/Pods-InstaClone-InstaCloneUITests/Pods-InstaClone-InstaCloneUITests-frameworks-${CONFIGURATION}-input-files.xcfilelist",
			);
			name = "[CP] Embed Pods Frameworks";
			outputFileListPaths = (
				"${PODS_ROOT}/Target Support Files/Pods-InstaClone-InstaCloneUITests/Pods-InstaClone-InstaCloneUITests-frameworks-${CONFIGURATION}-output-files.xcfilelist",
			);
			runOnlyForDeploymentPostprocessing = 0;
			shellPath = /bin/sh;
			shellScript = "\"${PODS_ROOT}/Target Support Files/Pods-InstaClone-InstaCloneUITests/Pods-InstaClone-InstaCloneUITests-frameworks.sh\"\n";
			showEnvVarsInLog = 0;
		};
		872E890514A37A5DF799BE20 /* [CP] Embed Pods Frameworks */ = {
			isa = PBXShellScriptBuildPhase;
			buildActionMask = 2147483647;
			files = (
			);
			inputFileListPaths = (
				"${PODS_ROOT}/Target Support Files/Pods-InstaClone/Pods-InstaClone-frameworks-${CONFIGURATION}-input-files.xcfilelist",
			);
			name = "[CP] Embed Pods Frameworks";
			outputFileListPaths = (
				"${PODS_ROOT}/Target Support Files/Pods-InstaClone/Pods-InstaClone-frameworks-${CONFIGURATION}-output-files.xcfilelist",
			);
			runOnlyForDeploymentPostprocessing = 0;
			shellPath = /bin/sh;
			shellScript = "\"${PODS_ROOT}/Target Support Files/Pods-InstaClone/Pods-InstaClone-frameworks.sh\"\n";
			showEnvVarsInLog = 0;
		};
		9E0D5857FC5C3B1C8F5E0C8C /* [CP] Check Pods Manifest.lock */ = {
			isa = PBXShellScriptBuildPhase;
			buildActionMask = 2147483647;
			files = (
			);
			inputFileListPaths = (
			);
			inputPaths = (
				"${PODS_PODFILE_DIR_PATH}/Podfile.lock",
				"${PODS_ROOT}/Manifest.lock",
			);
			name = "[CP] Check Pods Manifest.lock";
			outputFileListPaths = (
			);
			outputPaths = (
				"$(DERIVED_FILE_DIR)/Pods-InstaCloneTests-checkManifestLockResult.txt",
			);
			runOnlyForDeploymentPostprocessing = 0;
			shellPath = /bin/sh;
			shellScript = "diff \"${PODS_PODFILE_DIR_PATH}/Podfile.lock\" \"${PODS_ROOT}/Manifest.lock\" > /dev/null\nif [ $? != 0 ] ; then\n    # print error to STDERR\n    echo \"error: The sandbox is not in sync with the Podfile.lock. Run 'pod install' or update your CocoaPods installation.\" >&2\n    exit 1\nfi\n# This output is used by Xcode 'outputs' to avoid re-running this script phase.\necho \"SUCCESS\" > \"${SCRIPT_OUTPUT_FILE_0}\"\n";
			showEnvVarsInLog = 0;
		};
		A917673EE29D27D13050C999 /* [CP] Check Pods Manifest.lock */ = {
			isa = PBXShellScriptBuildPhase;
			buildActionMask = 2147483647;
			files = (
			);
			inputFileListPaths = (
			);
			inputPaths = (
				"${PODS_PODFILE_DIR_PATH}/Podfile.lock",
				"${PODS_ROOT}/Manifest.lock",
			);
			name = "[CP] Check Pods Manifest.lock";
			outputFileListPaths = (
			);
			outputPaths = (
				"$(DERIVED_FILE_DIR)/Pods-InstaClone-InstaCloneUITests-checkManifestLockResult.txt",
			);
			runOnlyForDeploymentPostprocessing = 0;
			shellPath = /bin/sh;
			shellScript = "diff \"${PODS_PODFILE_DIR_PATH}/Podfile.lock\" \"${PODS_ROOT}/Manifest.lock\" > /dev/null\nif [ $? != 0 ] ; then\n    # print error to STDERR\n    echo \"error: The sandbox is not in sync with the Podfile.lock. Run 'pod install' or update your CocoaPods installation.\" >&2\n    exit 1\nfi\n# This output is used by Xcode 'outputs' to avoid re-running this script phase.\necho \"SUCCESS\" > \"${SCRIPT_OUTPUT_FILE_0}\"\n";
			showEnvVarsInLog = 0;
		};
/* End PBXShellScriptBuildPhase section */

/* Begin PBXSourcesBuildPhase section */
		244B666D28F21E5100BFFC57 /* Sources */ = {
			isa = PBXSourcesBuildPhase;
			buildActionMask = 2147483647;
			files = (
				244B66A928F2225000BFFC57 /* LoginViewController.swift in Sources */,
				244B667528F21E5100BFFC57 /* AppDelegate.swift in Sources */,
				244B66A728F2223300BFFC57 /* FeedViewController.swift in Sources */,
				244B667728F21E5100BFFC57 /* SceneDelegate.swift in Sources */,
				244B66AB28F22A4000BFFC57 /* CameraViewController.swift in Sources */,
				244B66AD28F2332B00BFFC57 /* PostCell.swift in Sources */,
			);
			runOnlyForDeploymentPostprocessing = 0;
		};
		244B668328F21E5700BFFC57 /* Sources */ = {
			isa = PBXSourcesBuildPhase;
			buildActionMask = 2147483647;
			files = (
				244B668C28F21E5700BFFC57 /* InstaCloneTests.swift in Sources */,
			);
			runOnlyForDeploymentPostprocessing = 0;
		};
		244B668D28F21E5700BFFC57 /* Sources */ = {
			isa = PBXSourcesBuildPhase;
			buildActionMask = 2147483647;
			files = (
				244B669828F21E5700BFFC57 /* InstaCloneUITestsLaunchTests.swift in Sources */,
				244B669628F21E5700BFFC57 /* InstaCloneUITests.swift in Sources */,
			);
			runOnlyForDeploymentPostprocessing = 0;
		};
/* End PBXSourcesBuildPhase section */

/* Begin PBXTargetDependency section */
		244B668928F21E5700BFFC57 /* PBXTargetDependency */ = {
			isa = PBXTargetDependency;
			target = 244B667028F21E5100BFFC57 /* InstaClone */;
			targetProxy = 244B668828F21E5700BFFC57 /* PBXContainerItemProxy */;
		};
		244B669328F21E5700BFFC57 /* PBXTargetDependency */ = {
			isa = PBXTargetDependency;
			target = 244B667028F21E5100BFFC57 /* InstaClone */;
			targetProxy = 244B669228F21E5700BFFC57 /* PBXContainerItemProxy */;
		};
/* End PBXTargetDependency section */

/* Begin PBXVariantGroup section */
		244B667A28F21E5100BFFC57 /* Main.storyboard */ = {
			isa = PBXVariantGroup;
			children = (
				244B667B28F21E5100BFFC57 /* Base */,
			);
			name = Main.storyboard;
			sourceTree = "<group>";
		};
		244B667F28F21E5700BFFC57 /* LaunchScreen.storyboard */ = {
			isa = PBXVariantGroup;
			children = (
				244B668028F21E5700BFFC57 /* Base */,
			);
			name = LaunchScreen.storyboard;
			sourceTree = "<group>";
		};
/* End PBXVariantGroup section */

/* Begin XCBuildConfiguration section */
		244B669928F21E5700BFFC57 /* Debug */ = {
			isa = XCBuildConfiguration;
			buildSettings = {
				ALWAYS_SEARCH_USER_PATHS = NO;
				CLANG_ANALYZER_NONNULL = YES;
				CLANG_ANALYZER_NUMBER_OBJECT_CONVERSION = YES_AGGRESSIVE;
				CLANG_CXX_LANGUAGE_STANDARD = "gnu++17";
				CLANG_ENABLE_MODULES = YES;
				CLANG_ENABLE_OBJC_ARC = YES;
				CLANG_ENABLE_OBJC_WEAK = YES;
				CLANG_WARN_BLOCK_CAPTURE_AUTORELEASING = YES;
				CLANG_WARN_BOOL_CONVERSION = YES;
				CLANG_WARN_COMMA = YES;
				CLANG_WARN_CONSTANT_CONVERSION = YES;
				CLANG_WARN_DEPRECATED_OBJC_IMPLEMENTATIONS = YES;
				CLANG_WARN_DIRECT_OBJC_ISA_USAGE = YES_ERROR;
				CLANG_WARN_DOCUMENTATION_COMMENTS = YES;
				CLANG_WARN_EMPTY_BODY = YES;
				CLANG_WARN_ENUM_CONVERSION = YES;
				CLANG_WARN_INFINITE_RECURSION = YES;
				CLANG_WARN_INT_CONVERSION = YES;
				CLANG_WARN_NON_LITERAL_NULL_CONVERSION = YES;
				CLANG_WARN_OBJC_IMPLICIT_RETAIN_SELF = YES;
				CLANG_WARN_OBJC_LITERAL_CONVERSION = YES;
				CLANG_WARN_OBJC_ROOT_CLASS = YES_ERROR;
				CLANG_WARN_QUOTED_INCLUDE_IN_FRAMEWORK_HEADER = YES;
				CLANG_WARN_RANGE_LOOP_ANALYSIS = YES;
				CLANG_WARN_STRICT_PROTOTYPES = YES;
				CLANG_WARN_SUSPICIOUS_MOVE = YES;
				CLANG_WARN_UNGUARDED_AVAILABILITY = YES_AGGRESSIVE;
				CLANG_WARN_UNREACHABLE_CODE = YES;
				CLANG_WARN__DUPLICATE_METHOD_MATCH = YES;
				COPY_PHASE_STRIP = NO;
				DEBUG_INFORMATION_FORMAT = dwarf;
				ENABLE_STRICT_OBJC_MSGSEND = YES;
				ENABLE_TESTABILITY = YES;
				GCC_C_LANGUAGE_STANDARD = gnu11;
				GCC_DYNAMIC_NO_PIC = NO;
				GCC_NO_COMMON_BLOCKS = YES;
				GCC_OPTIMIZATION_LEVEL = 0;
				GCC_PREPROCESSOR_DEFINITIONS = (
					"DEBUG=1",
					"$(inherited)",
				);
				GCC_WARN_64_TO_32_BIT_CONVERSION = YES;
				GCC_WARN_ABOUT_RETURN_TYPE = YES_ERROR;
				GCC_WARN_UNDECLARED_SELECTOR = YES;
				GCC_WARN_UNINITIALIZED_AUTOS = YES_AGGRESSIVE;
				GCC_WARN_UNUSED_FUNCTION = YES;
				GCC_WARN_UNUSED_VARIABLE = YES;
				IPHONEOS_DEPLOYMENT_TARGET = 15.5;
				MTL_ENABLE_DEBUG_INFO = INCLUDE_SOURCE;
				MTL_FAST_MATH = YES;
				ONLY_ACTIVE_ARCH = YES;
				SDKROOT = iphoneos;
				SWIFT_ACTIVE_COMPILATION_CONDITIONS = DEBUG;
				SWIFT_OPTIMIZATION_LEVEL = "-Onone";
			};
			name = Debug;
		};
		244B669A28F21E5700BFFC57 /* Release */ = {
			isa = XCBuildConfiguration;
			buildSettings = {
				ALWAYS_SEARCH_USER_PATHS = NO;
				CLANG_ANALYZER_NONNULL = YES;
				CLANG_ANALYZER_NUMBER_OBJECT_CONVERSION = YES_AGGRESSIVE;
				CLANG_CXX_LANGUAGE_STANDARD = "gnu++17";
				CLANG_ENABLE_MODULES = YES;
				CLANG_ENABLE_OBJC_ARC = YES;
				CLANG_ENABLE_OBJC_WEAK = YES;
				CLANG_WARN_BLOCK_CAPTURE_AUTORELEASING = YES;
				CLANG_WARN_BOOL_CONVERSION = YES;
				CLANG_WARN_COMMA = YES;
				CLANG_WARN_CONSTANT_CONVERSION = YES;
				CLANG_WARN_DEPRECATED_OBJC_IMPLEMENTATIONS = YES;
				CLANG_WARN_DIRECT_OBJC_ISA_USAGE = YES_ERROR;
				CLANG_WARN_DOCUMENTATION_COMMENTS = YES;
				CLANG_WARN_EMPTY_BODY = YES;
				CLANG_WARN_ENUM_CONVERSION = YES;
				CLANG_WARN_INFINITE_RECURSION = YES;
				CLANG_WARN_INT_CONVERSION = YES;
				CLANG_WARN_NON_LITERAL_NULL_CONVERSION = YES;
				CLANG_WARN_OBJC_IMPLICIT_RETAIN_SELF = YES;
				CLANG_WARN_OBJC_LITERAL_CONVERSION = YES;
				CLANG_WARN_OBJC_ROOT_CLASS = YES_ERROR;
				CLANG_WARN_QUOTED_INCLUDE_IN_FRAMEWORK_HEADER = YES;
				CLANG_WARN_RANGE_LOOP_ANALYSIS = YES;
				CLANG_WARN_STRICT_PROTOTYPES = YES;
				CLANG_WARN_SUSPICIOUS_MOVE = YES;
				CLANG_WARN_UNGUARDED_AVAILABILITY = YES_AGGRESSIVE;
				CLANG_WARN_UNREACHABLE_CODE = YES;
				CLANG_WARN__DUPLICATE_METHOD_MATCH = YES;
				COPY_PHASE_STRIP = NO;
				DEBUG_INFORMATION_FORMAT = "dwarf-with-dsym";
				ENABLE_NS_ASSERTIONS = NO;
				ENABLE_STRICT_OBJC_MSGSEND = YES;
				GCC_C_LANGUAGE_STANDARD = gnu11;
				GCC_NO_COMMON_BLOCKS = YES;
				GCC_WARN_64_TO_32_BIT_CONVERSION = YES;
				GCC_WARN_ABOUT_RETURN_TYPE = YES_ERROR;
				GCC_WARN_UNDECLARED_SELECTOR = YES;
				GCC_WARN_UNINITIALIZED_AUTOS = YES_AGGRESSIVE;
				GCC_WARN_UNUSED_FUNCTION = YES;
				GCC_WARN_UNUSED_VARIABLE = YES;
				IPHONEOS_DEPLOYMENT_TARGET = 15.5;
				MTL_ENABLE_DEBUG_INFO = NO;
				MTL_FAST_MATH = YES;
				SDKROOT = iphoneos;
				SWIFT_COMPILATION_MODE = wholemodule;
				SWIFT_OPTIMIZATION_LEVEL = "-O";
				VALIDATE_PRODUCT = YES;
			};
			name = Release;
		};
		244B669C28F21E5700BFFC57 /* Debug */ = {
			isa = XCBuildConfiguration;
			baseConfigurationReference = C40CB9A4E745DCADE0345360 /* Pods-InstaClone.debug.xcconfig */;
			buildSettings = {
				ASSETCATALOG_COMPILER_APPICON_NAME = AppIcon;
				ASSETCATALOG_COMPILER_GLOBAL_ACCENT_COLOR_NAME = AccentColor;
				CODE_SIGN_STYLE = Automatic;
				CURRENT_PROJECT_VERSION = 1;
				DEVELOPMENT_TEAM = Q9V7D5V8SH;
				GENERATE_INFOPLIST_FILE = YES;
				INFOPLIST_FILE = InstaClone/Info.plist;
				INFOPLIST_KEY_UIApplicationSupportsIndirectInputEvents = YES;
				INFOPLIST_KEY_UILaunchStoryboardName = LaunchScreen;
				INFOPLIST_KEY_UIMainStoryboardFile = Main;
				INFOPLIST_KEY_UISupportedInterfaceOrientations_iPad = "UIInterfaceOrientationPortrait UIInterfaceOrientationPortraitUpsideDown UIInterfaceOrientationLandscapeLeft UIInterfaceOrientationLandscapeRight";
				INFOPLIST_KEY_UISupportedInterfaceOrientations_iPhone = "UIInterfaceOrientationPortrait UIInterfaceOrientationLandscapeLeft UIInterfaceOrientationLandscapeRight";
				LD_RUNPATH_SEARCH_PATHS = (
					"$(inherited)",
					"@executable_path/Frameworks",
				);
				MARKETING_VERSION = 1.0;
				PRODUCT_BUNDLE_IDENTIFIER = jb.InstaClone;
				PRODUCT_NAME = "$(TARGET_NAME)";
				SWIFT_EMIT_LOC_STRINGS = YES;
				SWIFT_VERSION = 5.0;
				TARGETED_DEVICE_FAMILY = "1,2";
			};
			name = Debug;
		};
		244B669D28F21E5700BFFC57 /* Release */ = {
			isa = XCBuildConfiguration;
			baseConfigurationReference = 0BAD7B19D6F5074FEA367052 /* Pods-InstaClone.release.xcconfig */;
			buildSettings = {
				ASSETCATALOG_COMPILER_APPICON_NAME = AppIcon;
				ASSETCATALOG_COMPILER_GLOBAL_ACCENT_COLOR_NAME = AccentColor;
				CODE_SIGN_STYLE = Automatic;
				CURRENT_PROJECT_VERSION = 1;
				DEVELOPMENT_TEAM = Q9V7D5V8SH;
				GENERATE_INFOPLIST_FILE = YES;
				INFOPLIST_FILE = InstaClone/Info.plist;
				INFOPLIST_KEY_UIApplicationSupportsIndirectInputEvents = YES;
				INFOPLIST_KEY_UILaunchStoryboardName = LaunchScreen;
				INFOPLIST_KEY_UIMainStoryboardFile = Main;
				INFOPLIST_KEY_UISupportedInterfaceOrientations_iPad = "UIInterfaceOrientationPortrait UIInterfaceOrientationPortraitUpsideDown UIInterfaceOrientationLandscapeLeft UIInterfaceOrientationLandscapeRight";
				INFOPLIST_KEY_UISupportedInterfaceOrientations_iPhone = "UIInterfaceOrientationPortrait UIInterfaceOrientationLandscapeLeft UIInterfaceOrientationLandscapeRight";
				LD_RUNPATH_SEARCH_PATHS = (
					"$(inherited)",
					"@executable_path/Frameworks",
				);
				MARKETING_VERSION = 1.0;
				PRODUCT_BUNDLE_IDENTIFIER = jb.InstaClone;
				PRODUCT_NAME = "$(TARGET_NAME)";
				SWIFT_EMIT_LOC_STRINGS = YES;
				SWIFT_VERSION = 5.0;
				TARGETED_DEVICE_FAMILY = "1,2";
			};
			name = Release;
		};
		244B669F28F21E5700BFFC57 /* Debug */ = {
			isa = XCBuildConfiguration;
			baseConfigurationReference = 7EEC89623E7F0E796BA03CFC /* Pods-InstaCloneTests.debug.xcconfig */;
			buildSettings = {
				ALWAYS_EMBED_SWIFT_STANDARD_LIBRARIES = YES;
				BUNDLE_LOADER = "$(TEST_HOST)";
				CODE_SIGN_STYLE = Automatic;
				CURRENT_PROJECT_VERSION = 1;
				DEVELOPMENT_TEAM = Q9V7D5V8SH;
				GENERATE_INFOPLIST_FILE = YES;
				IPHONEOS_DEPLOYMENT_TARGET = 15.5;
				MARKETING_VERSION = 1.0;
				PRODUCT_BUNDLE_IDENTIFIER = jb.InstaCloneTests;
				PRODUCT_NAME = "$(TARGET_NAME)";
				SWIFT_EMIT_LOC_STRINGS = NO;
				SWIFT_VERSION = 5.0;
				TARGETED_DEVICE_FAMILY = "1,2";
				TEST_HOST = "$(BUILT_PRODUCTS_DIR)/InstaClone.app/InstaClone";
			};
			name = Debug;
		};
		244B66A028F21E5700BFFC57 /* Release */ = {
			isa = XCBuildConfiguration;
			baseConfigurationReference = 2E4C48898FAF1AFA545F520A /* Pods-InstaCloneTests.release.xcconfig */;
			buildSettings = {
				ALWAYS_EMBED_SWIFT_STANDARD_LIBRARIES = YES;
				BUNDLE_LOADER = "$(TEST_HOST)";
				CODE_SIGN_STYLE = Automatic;
				CURRENT_PROJECT_VERSION = 1;
				DEVELOPMENT_TEAM = Q9V7D5V8SH;
				GENERATE_INFOPLIST_FILE = YES;
				IPHONEOS_DEPLOYMENT_TARGET = 15.5;
				MARKETING_VERSION = 1.0;
				PRODUCT_BUNDLE_IDENTIFIER = jb.InstaCloneTests;
				PRODUCT_NAME = "$(TARGET_NAME)";
				SWIFT_EMIT_LOC_STRINGS = NO;
				SWIFT_VERSION = 5.0;
				TARGETED_DEVICE_FAMILY = "1,2";
				TEST_HOST = "$(BUILT_PRODUCTS_DIR)/InstaClone.app/InstaClone";
			};
			name = Release;
		};
		244B66A228F21E5700BFFC57 /* Debug */ = {
			isa = XCBuildConfiguration;
			baseConfigurationReference = B2E303B2E06DF31FADDF95B2 /* Pods-InstaClone-InstaCloneUITests.debug.xcconfig */;
			buildSettings = {
				ALWAYS_EMBED_SWIFT_STANDARD_LIBRARIES = YES;
				CODE_SIGN_STYLE = Automatic;
				CURRENT_PROJECT_VERSION = 1;
				DEVELOPMENT_TEAM = Q9V7D5V8SH;
				GENERATE_INFOPLIST_FILE = YES;
				MARKETING_VERSION = 1.0;
				PRODUCT_BUNDLE_IDENTIFIER = jb.InstaCloneUITests;
				PRODUCT_NAME = "$(TARGET_NAME)";
				SWIFT_EMIT_LOC_STRINGS = NO;
				SWIFT_VERSION = 5.0;
				TARGETED_DEVICE_FAMILY = "1,2";
				TEST_TARGET_NAME = InstaClone;
			};
			name = Debug;
		};
		244B66A328F21E5700BFFC57 /* Release */ = {
			isa = XCBuildConfiguration;
			baseConfigurationReference = A917A174F96176CD6D7C4440 /* Pods-InstaClone-InstaCloneUITests.release.xcconfig */;
			buildSettings = {
				ALWAYS_EMBED_SWIFT_STANDARD_LIBRARIES = YES;
				CODE_SIGN_STYLE = Automatic;
				CURRENT_PROJECT_VERSION = 1;
				DEVELOPMENT_TEAM = Q9V7D5V8SH;
				GENERATE_INFOPLIST_FILE = YES;
				MARKETING_VERSION = 1.0;
				PRODUCT_BUNDLE_IDENTIFIER = jb.InstaCloneUITests;
				PRODUCT_NAME = "$(TARGET_NAME)";
				SWIFT_EMIT_LOC_STRINGS = NO;
				SWIFT_VERSION = 5.0;
				TARGETED_DEVICE_FAMILY = "1,2";
				TEST_TARGET_NAME = InstaClone;
			};
			name = Release;
		};
/* End XCBuildConfiguration section */

/* Begin XCConfigurationList section */
		244B666C28F21E5100BFFC57 /* Build configuration list for PBXProject "InstaClone" */ = {
			isa = XCConfigurationList;
			buildConfigurations = (
				244B669928F21E5700BFFC57 /* Debug */,
				244B669A28F21E5700BFFC57 /* Release */,
			);
			defaultConfigurationIsVisible = 0;
			defaultConfigurationName = Release;
		};
		244B669B28F21E5700BFFC57 /* Build configuration list for PBXNativeTarget "InstaClone" */ = {
			isa = XCConfigurationList;
			buildConfigurations = (
				244B669C28F21E5700BFFC57 /* Debug */,
				244B669D28F21E5700BFFC57 /* Release */,
			);
			defaultConfigurationIsVisible = 0;
			defaultConfigurationName = Release;
		};
		244B669E28F21E5700BFFC57 /* Build configuration list for PBXNativeTarget "InstaCloneTests" */ = {
			isa = XCConfigurationList;
			buildConfigurations = (
				244B669F28F21E5700BFFC57 /* Debug */,
				244B66A028F21E5700BFFC57 /* Release */,
			);
			defaultConfigurationIsVisible = 0;
			defaultConfigurationName = Release;
		};
		244B66A128F21E5700BFFC57 /* Build configuration list for PBXNativeTarget "InstaCloneUITests" */ = {
			isa = XCConfigurationList;
			buildConfigurations = (
				244B66A228F21E5700BFFC57 /* Debug */,
				244B66A328F21E5700BFFC57 /* Release */,
			);
			defaultConfigurationIsVisible = 0;
			defaultConfigurationName = Release;
		};
/* End XCConfigurationList section */
	};
	rootObject = 244B666928F21E5100BFFC57 /* Project object */;
}
